// !$*UTF8*$!
{
	archiveVersion = 1;
	classes = {
	};
	objectVersion = 46;
	objects = {

/* Begin PBXAggregateTarget section */
		0B1096F039624F559920E528 /* ALL_BUILD */ = {
			isa = PBXAggregateTarget;
			buildConfigurationList = B44446D12356435A9BE8FFF4 /* Build configuration list for PBXAggregateTarget "ALL_BUILD" */;
			buildPhases = (
				580E3FA4701348AFA428B92D /* CMake Rules */,
			);
			dependencies = (
				CE7B942C7ADB421DA27FC641 /* PBXTargetDependency */,
				81472EB3E49D46639857C5B0 /* PBXTargetDependency */,
				9D3D728448DD4A648064EC46 /* PBXTargetDependency */,
				99F90D023F4C468BA67FC107 /* PBXTargetDependency */,
			);
			name = ALL_BUILD;
			productName = ALL_BUILD;
		};
		CE9F8EFC83D4485DB18D0DDE /* ZERO_CHECK */ = {
			isa = PBXAggregateTarget;
			buildConfigurationList = 4A125BA1B2D84471B3F1E855 /* Build configuration list for PBXAggregateTarget "ZERO_CHECK" */;
			buildPhases = (
				704B8351C96A4A0498453356 /* CMake Rules */,
			);
			dependencies = (
			);
			name = ZERO_CHECK;
			productName = ZERO_CHECK;
		};
/* End PBXAggregateTarget section */

/* Begin PBXBuildFile section */
		1CACA1CDA26A4E54AF6E380A /* /Users/shensijie/Learning/Game/newbieGameEngine/Platform/Empty/CMakeLists.txt */ = {isa = PBXBuildFile; fileRef = 55CEA810DAE0424C82BA6426 /* /Users/shensijie/Learning/Game/newbieGameEngine/Platform/Empty/CMakeLists.txt */; };
		207E5B6BD8504D3C9E8A6A96 /* /Users/shensijie/Learning/Game/newbieGameEngine/Framework/Common/GraphicsManager.cpp */ = {isa = PBXBuildFile; fileRef = 557C8258301B4DF89142B4F7 /* /Users/shensijie/Learning/Game/newbieGameEngine/Framework/Common/GraphicsManager.cpp */; };
		2346E2AD13424E0885AF6948 /* /Users/shensijie/Learning/Game/newbieGameEngine/Platform/Darwin/CMakeLists.txt */ = {isa = PBXBuildFile; fileRef = 77E863F43C3943CC95E24BEB /* /Users/shensijie/Learning/Game/newbieGameEngine/Platform/Darwin/CMakeLists.txt */; };
		4E450626DCBD4193BA27E711 /* /Users/shensijie/Learning/Game/newbieGameEngine/Framework/Common/main.cpp */ = {isa = PBXBuildFile; fileRef = 24F85E77ECEE4279929F8B83 /* /Users/shensijie/Learning/Game/newbieGameEngine/Framework/Common/main.cpp */; };
		52EFBB67A2FD419BB56FD4A1 /* /Users/shensijie/Learning/Game/newbieGameEngine/Framework/Common/Allocator.cpp */ = {isa = PBXBuildFile; fileRef = E7C26982A999493FAD358412 /* /Users/shensijie/Learning/Game/newbieGameEngine/Framework/Common/Allocator.cpp */; };
		6190BA1F78E54A27AB304B98 /* /Users/shensijie/Learning/Game/newbieGameEngine/Platform/Darwin/CocoaApplication.mm */ = {isa = PBXBuildFile; fileRef = 52400A195BBF495C9F06383C /* /Users/shensijie/Learning/Game/newbieGameEngine/Platform/Darwin/CocoaApplication.mm */; };
		6C38CA8E7C704014ADE8F71E /* /Users/shensijie/Learning/Game/newbieGameEngine/Framework/Common/BaseApplication.cpp */ = {isa = PBXBuildFile; fileRef = 1A19074DE084404F97FFBA69 /* /Users/shensijie/Learning/Game/newbieGameEngine/Framework/Common/BaseApplication.cpp */; };
		72B27894FCC84FC5B3DE2C0F /* /Users/shensijie/Learning/Game/newbieGameEngine/Platform/Darwin/AppDelegate.m */ = {isa = PBXBuildFile; fileRef = AAC13170E2AD4D1DBE4666D9 /* /Users/shensijie/Learning/Game/newbieGameEngine/Platform/Darwin/AppDelegate.m */; };
		A4E7E51813094F979623E13D /* /Users/shensijie/Learning/Game/newbieGameEngine/Platform/Darwin/CocoaApplicationConfig.cpp */ = {isa = PBXBuildFile; fileRef = B4E5AED960C04A1DB24B06BA /* /Users/shensijie/Learning/Game/newbieGameEngine/Platform/Darwin/CocoaApplicationConfig.cpp */; };
		B201E72538584A6E9F47AC9F /* /Users/shensijie/Learning/Game/newbieGameEngine/Framework/Common/CMakeLists.txt */ = {isa = PBXBuildFile; fileRef = F5A614C0BFF54E7CABACB003 /* /Users/shensijie/Learning/Game/newbieGameEngine/Framework/Common/CMakeLists.txt */; };
		C6F5C2DDFAD1465888180DAD /* /Users/shensijie/Learning/Game/newbieGameEngine/Platform/Darwin/Project/Platform/Darwin/CMakeFiles/NewbieGameEngineCocoa.dir/Info.plist */ = {isa = PBXBuildFile; fileRef = C582722506B04AFFAA4A2AE2 /* /Users/shensijie/Learning/Game/newbieGameEngine/Platform/Darwin/Project/Platform/Darwin/CMakeFiles/NewbieGameEngineCocoa.dir/Info.plist */; };
		C7374AFED3814A648BD68BE5 /* /Users/shensijie/Learning/Game/newbieGameEngine/Platform/Darwin/WindowDelegate.m */ = {isa = PBXBuildFile; fileRef = 17BF2256AB8445ABB596DCA8 /* /Users/shensijie/Learning/Game/newbieGameEngine/Platform/Darwin/WindowDelegate.m */; };
		DAECE47F72D1422AAFDDF4C1 /* /Users/shensijie/Learning/Game/newbieGameEngine/Framework/Common/MemoryManager.cpp */ = {isa = PBXBuildFile; fileRef = 10FBC109E8614C9082B9DBE6 /* /Users/shensijie/Learning/Game/newbieGameEngine/Framework/Common/MemoryManager.cpp */; };
		E9CD5E1E7520464F9EBC82E8 /* /Users/shensijie/Learning/Game/newbieGameEngine/Platform/Empty/EmptyApplication.cpp */ = {isa = PBXBuildFile; fileRef = DE78426AA5094BC0B476667D /* /Users/shensijie/Learning/Game/newbieGameEngine/Platform/Empty/EmptyApplication.cpp */; };
/* End PBXBuildFile section */

/* Begin PBXBuildStyle section */
		0BA5F88AC23B4913A2FE703D /* Debug */ = {
			isa = PBXBuildStyle;
			buildSettings = {
				COPY_PHASE_STRIP = NO;
			};
			name = Debug;
		};
		9E8CBDBFAF8442EE83BB1784 /* RelWithDebInfo */ = {
			isa = PBXBuildStyle;
			buildSettings = {
				COPY_PHASE_STRIP = NO;
			};
			name = RelWithDebInfo;
		};
		ADA58CD18B5340C0B09201F6 /* MinSizeRel */ = {
			isa = PBXBuildStyle;
			buildSettings = {
				COPY_PHASE_STRIP = NO;
			};
			name = MinSizeRel;
		};
		DEEB244B9F114084BE61F39B /* Release */ = {
			isa = PBXBuildStyle;
			buildSettings = {
				COPY_PHASE_STRIP = NO;
			};
			name = Release;
		};
/* End PBXBuildStyle section */

/* Begin PBXContainerItemProxy section */
		2888C6518C394AF9BE7F34D8 /* PBXContainerItemProxy */ = {
			isa = PBXContainerItemProxy;
			containerPortal = 76A8D9E8C78D4DA280724F10 /* Project object */;
			proxyType = 1;
			remoteGlobalIDString = E0B33310BBC14C379D4B5D98;
			remoteInfo = Common;
		};
		567D63E3C957492783438FFC /* PBXContainerItemProxy */ = {
			isa = PBXContainerItemProxy;
			containerPortal = 76A8D9E8C78D4DA280724F10 /* Project object */;
			proxyType = 1;
			remoteGlobalIDString = CE9F8EFC83D4485DB18D0DDE;
			remoteInfo = ZERO_CHECK;
		};
		57CD0B02AF574944A31D518F /* PBXContainerItemProxy */ = {
			isa = PBXContainerItemProxy;
			containerPortal = 76A8D9E8C78D4DA280724F10 /* Project object */;
			proxyType = 1;
			remoteGlobalIDString = E0B33310BBC14C379D4B5D98;
			remoteInfo = Common;
		};
		76E633683C92423FBB4BF0BA /* PBXContainerItemProxy */ = {
			isa = PBXContainerItemProxy;
			containerPortal = 76A8D9E8C78D4DA280724F10 /* Project object */;
			proxyType = 1;
			remoteGlobalIDString = 4EAD5DEDDD394232B67DACEC;
			remoteInfo = Empty;
		};
		7CC4E11ECB384DD1A4D49986 /* PBXContainerItemProxy */ = {
			isa = PBXContainerItemProxy;
			containerPortal = 76A8D9E8C78D4DA280724F10 /* Project object */;
			proxyType = 1;
			remoteGlobalIDString = CE9F8EFC83D4485DB18D0DDE;
			remoteInfo = ZERO_CHECK;
		};
		8B320647CD2E4C24AC48F0E7 /* PBXContainerItemProxy */ = {
			isa = PBXContainerItemProxy;
			containerPortal = 76A8D9E8C78D4DA280724F10 /* Project object */;
			proxyType = 1;
			remoteGlobalIDString = CE9F8EFC83D4485DB18D0DDE;
			remoteInfo = ZERO_CHECK;
		};
		A2B99807538F49FB9700EF4A /* PBXContainerItemProxy */ = {
			isa = PBXContainerItemProxy;
			containerPortal = 76A8D9E8C78D4DA280724F10 /* Project object */;
			proxyType = 1;
			remoteGlobalIDString = E0B33310BBC14C379D4B5D98;
			remoteInfo = Common;
		};
		C31FD07BAACC4198B3313009 /* PBXContainerItemProxy */ = {
			isa = PBXContainerItemProxy;
			containerPortal = 76A8D9E8C78D4DA280724F10 /* Project object */;
			proxyType = 1;
			remoteGlobalIDString = CE9F8EFC83D4485DB18D0DDE;
			remoteInfo = ZERO_CHECK;
		};
		F3A25B13298F42DFA819B328 /* PBXContainerItemProxy */ = {
			isa = PBXContainerItemProxy;
			containerPortal = 76A8D9E8C78D4DA280724F10 /* Project object */;
			proxyType = 1;
			remoteGlobalIDString = 61207F2CF8B242099C34EB5D;
			remoteInfo = NewbieGameEngineCocoa;
		};
/* End PBXContainerItemProxy section */

/* Begin PBXFileReference section */
		10FBC109E8614C9082B9DBE6 /* /Users/shensijie/Learning/Game/newbieGameEngine/Framework/Common/MemoryManager.cpp */ = {isa = PBXFileReference; explicitFileType = sourcecode.cpp.cpp; fileEncoding = 4; name = MemoryManager.cpp; path = Framework/Common/MemoryManager.cpp; sourceTree = SOURCE_ROOT; };
		17BF2256AB8445ABB596DCA8 /* /Users/shensijie/Learning/Game/newbieGameEngine/Platform/Darwin/WindowDelegate.m */ = {isa = PBXFileReference; explicitFileType = sourcecode.c.objc; fileEncoding = 4; name = WindowDelegate.m; path = Platform/Darwin/WindowDelegate.m; sourceTree = SOURCE_ROOT; };
		1A19074DE084404F97FFBA69 /* /Users/shensijie/Learning/Game/newbieGameEngine/Framework/Common/BaseApplication.cpp */ = {isa = PBXFileReference; explicitFileType = sourcecode.cpp.cpp; fileEncoding = 4; name = BaseApplication.cpp; path = Framework/Common/BaseApplication.cpp; sourceTree = SOURCE_ROOT; };
		24F85E77ECEE4279929F8B83 /* /Users/shensijie/Learning/Game/newbieGameEngine/Framework/Common/main.cpp */ = {isa = PBXFileReference; explicitFileType = sourcecode.cpp.cpp; fileEncoding = 4; name = main.cpp; path = Framework/Common/main.cpp; sourceTree = SOURCE_ROOT; };
		52400A195BBF495C9F06383C /* /Users/shensijie/Learning/Game/newbieGameEngine/Platform/Darwin/CocoaApplication.mm */ = {isa = PBXFileReference; explicitFileType = sourcecode.cpp.objcpp; fileEncoding = 4; name = CocoaApplication.mm; path = Platform/Darwin/CocoaApplication.mm; sourceTree = SOURCE_ROOT; };
		557C8258301B4DF89142B4F7 /* /Users/shensijie/Learning/Game/newbieGameEngine/Framework/Common/GraphicsManager.cpp */ = {isa = PBXFileReference; explicitFileType = sourcecode.cpp.cpp; fileEncoding = 4; name = GraphicsManager.cpp; path = Framework/Common/GraphicsManager.cpp; sourceTree = SOURCE_ROOT; };
		55CEA810DAE0424C82BA6426 /* /Users/shensijie/Learning/Game/newbieGameEngine/Platform/Empty/CMakeLists.txt */ = {isa = PBXFileReference; explicitFileType = sourcecode.text; fileEncoding = 4; name = CMakeLists.txt; path = Platform/Empty/CMakeLists.txt; sourceTree = SOURCE_ROOT; };
		77E863F43C3943CC95E24BEB /* /Users/shensijie/Learning/Game/newbieGameEngine/Platform/Darwin/CMakeLists.txt */ = {isa = PBXFileReference; explicitFileType = sourcecode.text; fileEncoding = 4; name = CMakeLists.txt; path = Platform/Darwin/CMakeLists.txt; sourceTree = SOURCE_ROOT; };
		7C684D5C727445CE82304739 /* Common */ = {isa = PBXFileReference; explicitFileType = archive.ar; path = libCommon.a; sourceTree = BUILT_PRODUCTS_DIR; };
		AAC13170E2AD4D1DBE4666D9 /* /Users/shensijie/Learning/Game/newbieGameEngine/Platform/Darwin/AppDelegate.m */ = {isa = PBXFileReference; explicitFileType = sourcecode.c.objc; fileEncoding = 4; name = AppDelegate.m; path = Platform/Darwin/AppDelegate.m; sourceTree = SOURCE_ROOT; };
		AB1FBC51FED044EB9AC8C019 /* /Users/shensijie/Learning/Game/newbieGameEngine/CMakeLists.txt */ = {isa = PBXFileReference; explicitFileType = sourcecode.text; fileEncoding = 4; name = CMakeLists.txt; path = CMakeLists.txt; sourceTree = SOURCE_ROOT; };
		B4E5AED960C04A1DB24B06BA /* /Users/shensijie/Learning/Game/newbieGameEngine/Platform/Darwin/CocoaApplicationConfig.cpp */ = {isa = PBXFileReference; explicitFileType = sourcecode.cpp.cpp; fileEncoding = 4; name = CocoaApplicationConfig.cpp; path = Platform/Darwin/CocoaApplicationConfig.cpp; sourceTree = SOURCE_ROOT; };
		BF8A63A4D4DE46858EE16998 /* Empty */ = {isa = PBXFileReference; explicitFileType = "compiled.mach-o.executable"; path = Empty; sourceTree = BUILT_PRODUCTS_DIR; };
		C582722506B04AFFAA4A2AE2 /* /Users/shensijie/Learning/Game/newbieGameEngine/Platform/Darwin/Project/Platform/Darwin/CMakeFiles/NewbieGameEngineCocoa.dir/Info.plist */ = {isa = PBXFileReference; explicitFileType = sourcecode.text.plist; fileEncoding = 4; name = Info.plist; path = Platform/Darwin/Project/Platform/Darwin/CMakeFiles/NewbieGameEngineCocoa.dir/Info.plist; sourceTree = SOURCE_ROOT; };
		DE78426AA5094BC0B476667D /* /Users/shensijie/Learning/Game/newbieGameEngine/Platform/Empty/EmptyApplication.cpp */ = {isa = PBXFileReference; explicitFileType = sourcecode.cpp.cpp; fileEncoding = 4; name = EmptyApplication.cpp; path = Platform/Empty/EmptyApplication.cpp; sourceTree = SOURCE_ROOT; };
		DEA4D5EB95FF42B3AA643C86 /* NewbieGameEngineCocoa */ = {isa = PBXFileReference; explicitFileType = "compiled.mach-o.executable"; path = NewbieGameEngineCocoa; sourceTree = BUILT_PRODUCTS_DIR; };
		E7C26982A999493FAD358412 /* /Users/shensijie/Learning/Game/newbieGameEngine/Framework/Common/Allocator.cpp */ = {isa = PBXFileReference; explicitFileType = sourcecode.cpp.cpp; fileEncoding = 4; name = Allocator.cpp; path = Framework/Common/Allocator.cpp; sourceTree = SOURCE_ROOT; };
		F5A614C0BFF54E7CABACB003 /* /Users/shensijie/Learning/Game/newbieGameEngine/Framework/Common/CMakeLists.txt */ = {isa = PBXFileReference; explicitFileType = sourcecode.text; fileEncoding = 4; name = CMakeLists.txt; path = Framework/Common/CMakeLists.txt; sourceTree = SOURCE_ROOT; };
/* End PBXFileReference section */

/* Begin PBXGroup section */
		6A8D8636D9AC47C7BB9E68AB /* Source Files */ = {
			isa = PBXGroup;
			children = (
				AAC13170E2AD4D1DBE4666D9 /* /Users/shensijie/Learning/Game/newbieGameEngine/Platform/Darwin/AppDelegate.m */,
				52400A195BBF495C9F06383C /* /Users/shensijie/Learning/Game/newbieGameEngine/Platform/Darwin/CocoaApplication.mm */,
				B4E5AED960C04A1DB24B06BA /* /Users/shensijie/Learning/Game/newbieGameEngine/Platform/Darwin/CocoaApplicationConfig.cpp */,
				17BF2256AB8445ABB596DCA8 /* /Users/shensijie/Learning/Game/newbieGameEngine/Platform/Darwin/WindowDelegate.m */,
			);
			name = "Source Files";
			sourceTree = "<group>";
		};
		6BC4B13B5A594A81A080C8DD /* Products */ = {
			isa = PBXGroup;
			children = (
				7C684D5C727445CE82304739 /* Common */,
				BF8A63A4D4DE46858EE16998 /* Empty */,
				DEA4D5EB95FF42B3AA643C86 /* NewbieGameEngineCocoa */,
			);
			name = Products;
			sourceTree = "<group>";
		};
		6D6C1473C31A4BB88928438F /* Empty */ = {
			isa = PBXGroup;
			children = (
				71F1B4B1B10B4ED2B28616C2 /* Source Files */,
				55CEA810DAE0424C82BA6426 /* /Users/shensijie/Learning/Game/newbieGameEngine/Platform/Empty/CMakeLists.txt */,
			);
			name = Empty;
			sourceTree = "<group>";
		};
		71F1B4B1B10B4ED2B28616C2 /* Source Files */ = {
			isa = PBXGroup;
			children = (
				DE78426AA5094BC0B476667D /* /Users/shensijie/Learning/Game/newbieGameEngine/Platform/Empty/EmptyApplication.cpp */,
			);
			name = "Source Files";
			sourceTree = "<group>";
		};
		792F2B0338C640FCB9E03A40 /* ALL_BUILD */ = {
			isa = PBXGroup;
			children = (
				DB58D4957E1241F6A84A521E /* CMake Rules */,
				AB1FBC51FED044EB9AC8C019 /* /Users/shensijie/Learning/Game/newbieGameEngine/CMakeLists.txt */,
			);
			name = ALL_BUILD;
			sourceTree = "<group>";
		};
		9ABD8A0B6B2141D6A4EF0EBA /* Source Files */ = {
			isa = PBXGroup;
			children = (
				E7C26982A999493FAD358412 /* /Users/shensijie/Learning/Game/newbieGameEngine/Framework/Common/Allocator.cpp */,
				1A19074DE084404F97FFBA69 /* /Users/shensijie/Learning/Game/newbieGameEngine/Framework/Common/BaseApplication.cpp */,
				557C8258301B4DF89142B4F7 /* /Users/shensijie/Learning/Game/newbieGameEngine/Framework/Common/GraphicsManager.cpp */,
				10FBC109E8614C9082B9DBE6 /* /Users/shensijie/Learning/Game/newbieGameEngine/Framework/Common/MemoryManager.cpp */,
				24F85E77ECEE4279929F8B83 /* /Users/shensijie/Learning/Game/newbieGameEngine/Framework/Common/main.cpp */,
			);
			name = "Source Files";
			sourceTree = "<group>";
		};
		9FD0568062334538BDECD975 = {
			isa = PBXGroup;
			children = (
				792F2B0338C640FCB9E03A40 /* ALL_BUILD */,
				D21D80675114482F80546DBA /* Common */,
				6D6C1473C31A4BB88928438F /* Empty */,
				D6DE22660F554EA8B7A92CF8 /* NewbieGameEngineCocoa */,
				6BC4B13B5A594A81A080C8DD /* Products */,
			);
			sourceTree = "<group>";
		};
		D21D80675114482F80546DBA /* Common */ = {
			isa = PBXGroup;
			children = (
				9ABD8A0B6B2141D6A4EF0EBA /* Source Files */,
				F5A614C0BFF54E7CABACB003 /* /Users/shensijie/Learning/Game/newbieGameEngine/Framework/Common/CMakeLists.txt */,
			);
			name = Common;
			sourceTree = "<group>";
		};
		D6DE22660F554EA8B7A92CF8 /* NewbieGameEngineCocoa */ = {
			isa = PBXGroup;
			children = (
				6A8D8636D9AC47C7BB9E68AB /* Source Files */,
				EB3A17739AE845B6A17864ED /* Resources */,
				77E863F43C3943CC95E24BEB /* /Users/shensijie/Learning/Game/newbieGameEngine/Platform/Darwin/CMakeLists.txt */,
			);
			name = NewbieGameEngineCocoa;
			sourceTree = "<group>";
		};
		DB58D4957E1241F6A84A521E /* CMake Rules */ = {
			isa = PBXGroup;
			children = (
			);
			name = "CMake Rules";
			sourceTree = "<group>";
		};
		EB3A17739AE845B6A17864ED /* Resources */ = {
			isa = PBXGroup;
			children = (
				C582722506B04AFFAA4A2AE2 /* /Users/shensijie/Learning/Game/newbieGameEngine/Platform/Darwin/Project/Platform/Darwin/CMakeFiles/NewbieGameEngineCocoa.dir/Info.plist */,
			);
			name = Resources;
			sourceTree = "<group>";
		};
/* End PBXGroup section */

/* Begin PBXNativeTarget section */
		4EAD5DEDDD394232B67DACEC /* Empty */ = {
			isa = PBXNativeTarget;
			buildConfigurationList = 9E422D1C6F2B438FA3B624D1 /* Build configuration list for PBXNativeTarget "Empty" */;
			buildPhases = (
				562E28F26DFE48CF894400AC /* Sources */,
			);
			buildRules = (
			);
			dependencies = (
				E945804C42DD493290558BA1 /* PBXTargetDependency */,
				52DA0F7D4DF54DEC90895F24 /* PBXTargetDependency */,
			);
			name = Empty;
			productName = Empty;
			productReference = BF8A63A4D4DE46858EE16998 /* Empty */;
			productType = "com.apple.product-type.tool";
		};
		61207F2CF8B242099C34EB5D /* NewbieGameEngineCocoa */ = {
			isa = PBXNativeTarget;
			buildConfigurationList = 14BA56642FF94534828336FD /* Build configuration list for PBXNativeTarget "NewbieGameEngineCocoa" */;
			buildPhases = (
				AE559011819A4C58856B9BC8 /* Sources */,
			);
			buildRules = (
			);
			dependencies = (
				5C5D71E808FB4D0AA35FCA63 /* PBXTargetDependency */,
				02437CFF6C684778A1516912 /* PBXTargetDependency */,
			);
			name = NewbieGameEngineCocoa;
			productName = NewbieGameEngineCocoa;
			productReference = DEA4D5EB95FF42B3AA643C86 /* NewbieGameEngineCocoa */;
			productType = "com.apple.product-type.application";
		};
		E0B33310BBC14C379D4B5D98 /* Common */ = {
			isa = PBXNativeTarget;
			buildConfigurationList = 83558344FD794D0C93AB3161 /* Build configuration list for PBXNativeTarget "Common" */;
			buildPhases = (
				67A7E73736AB4292A7C3D39E /* Sources */,
			);
			buildRules = (
			);
			dependencies = (
				2CB462170BD74C31A7F26E6E /* PBXTargetDependency */,
			);
			name = Common;
			productName = Common;
			productReference = 7C684D5C727445CE82304739 /* Common */;
			productType = "com.apple.product-type.library.static";
		};
/* End PBXNativeTarget section */

/* Begin PBXProject section */
		76A8D9E8C78D4DA280724F10 /* Project object */ = {
			isa = PBXProject;
			attributes = {
				BuildIndependentTargetsInParallel = YES;
				LastUpgradeCheck = 0940;
			};
			buildConfigurationList = 9EEE6F4EF6C24F02B9CED35E /* Build configuration list for PBXProject "newbieGameEngine" */;
			buildSettings = {
			};
			buildStyles = (
				0BA5F88AC23B4913A2FE703D /* Debug */,
				DEEB244B9F114084BE61F39B /* Release */,
				ADA58CD18B5340C0B09201F6 /* MinSizeRel */,
				9E8CBDBFAF8442EE83BB1784 /* RelWithDebInfo */,
			);
			compatibilityVersion = "Xcode 3.2";
			hasScannedForEncodings = 0;
			mainGroup = 9FD0568062334538BDECD975;
			projectDirPath = ../../../;
			projectRoot = "";
			targets = (
				0B1096F039624F559920E528 /* ALL_BUILD */,
				CE9F8EFC83D4485DB18D0DDE /* ZERO_CHECK */,
				E0B33310BBC14C379D4B5D98 /* Common */,
				4EAD5DEDDD394232B67DACEC /* Empty */,
				61207F2CF8B242099C34EB5D /* NewbieGameEngineCocoa */,
			);
		};
/* End PBXProject section */

/* Begin PBXShellScriptBuildPhase section */
		036F7A4068CD470293F7984C = {
			isa = PBXShellScriptBuildPhase;
			buildActionMask = 2147483647;
			files = (
			);
			inputPaths = (
			);
			outputPaths = (
			);
			runOnlyForDeploymentPostprocessing = 0;
			shellPath = /bin/sh;
			shellScript = "# shell script goes here
exit 0";
			showEnvVarsInLog = 0;
		};
		3A5EC4AE401F48F28F97B101 = {
			isa = PBXShellScriptBuildPhase;
			buildActionMask = 2147483647;
			files = (
			);
			inputPaths = (
			);
			outputPaths = (
			);
			runOnlyForDeploymentPostprocessing = 0;
			shellPath = /bin/sh;
			shellScript = "# shell script goes here
exit 0";
			showEnvVarsInLog = 0;
		};
		580E3FA4701348AFA428B92D /* CMake Rules */ = {
			isa = PBXShellScriptBuildPhase;
			buildActionMask = 2147483647;
			files = (
			);
			name = "CMake Rules";
			runOnlyForDeploymentPostprocessing = 0;
			shellPath = /bin/sh;
			shellScript = "make -C /Users/shensijie/Learning/Game/newbieGameEngine/Platform/Darwin/Project -f /Users/shensijie/Learning/Game/newbieGameEngine/Platform/Darwin/Project/CMakeScripts/ALL_BUILD_cmakeRulesBuildPhase.make$CONFIGURATION all";
			showEnvVarsInLog = 0;
		};
		704B8351C96A4A0498453356 /* CMake Rules */ = {
			isa = PBXShellScriptBuildPhase;
			buildActionMask = 2147483647;
			files = (
			);
			name = "CMake Rules";
			runOnlyForDeploymentPostprocessing = 0;
			shellPath = /bin/sh;
			shellScript = "make -C /Users/shensijie/Learning/Game/newbieGameEngine/Platform/Darwin/Project -f /Users/shensijie/Learning/Game/newbieGameEngine/Platform/Darwin/Project/CMakeScripts/ZERO_CHECK_cmakeRulesBuildPhase.make$CONFIGURATION all";
			showEnvVarsInLog = 0;
		};
/* End PBXShellScriptBuildPhase section */

/* Begin PBXSourcesBuildPhase section */
		562E28F26DFE48CF894400AC /* Sources */ = {
			isa = PBXSourcesBuildPhase;
			buildActionMask = 2147483647;
			files = (
				E9CD5E1E7520464F9EBC82E8 /* /Users/shensijie/Learning/Game/newbieGameEngine/Platform/Empty/EmptyApplication.cpp */,
			);
			runOnlyForDeploymentPostprocessing = 0;
		};
		67A7E73736AB4292A7C3D39E /* Sources */ = {
			isa = PBXSourcesBuildPhase;
			buildActionMask = 2147483647;
			files = (
				52EFBB67A2FD419BB56FD4A1 /* /Users/shensijie/Learning/Game/newbieGameEngine/Framework/Common/Allocator.cpp */,
				6C38CA8E7C704014ADE8F71E /* /Users/shensijie/Learning/Game/newbieGameEngine/Framework/Common/BaseApplication.cpp */,
				207E5B6BD8504D3C9E8A6A96 /* /Users/shensijie/Learning/Game/newbieGameEngine/Framework/Common/GraphicsManager.cpp */,
				DAECE47F72D1422AAFDDF4C1 /* /Users/shensijie/Learning/Game/newbieGameEngine/Framework/Common/MemoryManager.cpp */,
				4E450626DCBD4193BA27E711 /* /Users/shensijie/Learning/Game/newbieGameEngine/Framework/Common/main.cpp */,
			);
			runOnlyForDeploymentPostprocessing = 0;
		};
		AE559011819A4C58856B9BC8 /* Sources */ = {
			isa = PBXSourcesBuildPhase;
			buildActionMask = 2147483647;
			files = (
				72B27894FCC84FC5B3DE2C0F /* /Users/shensijie/Learning/Game/newbieGameEngine/Platform/Darwin/AppDelegate.m */,
				6190BA1F78E54A27AB304B98 /* /Users/shensijie/Learning/Game/newbieGameEngine/Platform/Darwin/CocoaApplication.mm */,
				A4E7E51813094F979623E13D /* /Users/shensijie/Learning/Game/newbieGameEngine/Platform/Darwin/CocoaApplicationConfig.cpp */,
				C7374AFED3814A648BD68BE5 /* /Users/shensijie/Learning/Game/newbieGameEngine/Platform/Darwin/WindowDelegate.m */,
			);
			runOnlyForDeploymentPostprocessing = 0;
		};
/* End PBXSourcesBuildPhase section */

/* Begin PBXTargetDependency section */
		02437CFF6C684778A1516912 /* PBXTargetDependency */ = {
			isa = PBXTargetDependency;
			target = E0B33310BBC14C379D4B5D98 /* Common */;
			targetProxy = A2B99807538F49FB9700EF4A /* PBXContainerItemProxy */;
		};
		2CB462170BD74C31A7F26E6E /* PBXTargetDependency */ = {
			isa = PBXTargetDependency;
			target = CE9F8EFC83D4485DB18D0DDE /* ZERO_CHECK */;
			targetProxy = 567D63E3C957492783438FFC /* PBXContainerItemProxy */;
		};
		52DA0F7D4DF54DEC90895F24 /* PBXTargetDependency */ = {
			isa = PBXTargetDependency;
			target = E0B33310BBC14C379D4B5D98 /* Common */;
			targetProxy = 57CD0B02AF574944A31D518F /* PBXContainerItemProxy */;
		};
		5C5D71E808FB4D0AA35FCA63 /* PBXTargetDependency */ = {
			isa = PBXTargetDependency;
			target = CE9F8EFC83D4485DB18D0DDE /* ZERO_CHECK */;
			targetProxy = C31FD07BAACC4198B3313009 /* PBXContainerItemProxy */;
		};
		81472EB3E49D46639857C5B0 /* PBXTargetDependency */ = {
			isa = PBXTargetDependency;
			target = E0B33310BBC14C379D4B5D98 /* Common */;
			targetProxy = 2888C6518C394AF9BE7F34D8 /* PBXContainerItemProxy */;
		};
		99F90D023F4C468BA67FC107 /* PBXTargetDependency */ = {
			isa = PBXTargetDependency;
			target = 61207F2CF8B242099C34EB5D /* NewbieGameEngineCocoa */;
			targetProxy = F3A25B13298F42DFA819B328 /* PBXContainerItemProxy */;
		};
		9D3D728448DD4A648064EC46 /* PBXTargetDependency */ = {
			isa = PBXTargetDependency;
			target = 4EAD5DEDDD394232B67DACEC /* Empty */;
			targetProxy = 76E633683C92423FBB4BF0BA /* PBXContainerItemProxy */;
		};
		CE7B942C7ADB421DA27FC641 /* PBXTargetDependency */ = {
			isa = PBXTargetDependency;
			target = CE9F8EFC83D4485DB18D0DDE /* ZERO_CHECK */;
			targetProxy = 8B320647CD2E4C24AC48F0E7 /* PBXContainerItemProxy */;
		};
		E945804C42DD493290558BA1 /* PBXTargetDependency */ = {
			isa = PBXTargetDependency;
			target = CE9F8EFC83D4485DB18D0DDE /* ZERO_CHECK */;
			targetProxy = 7CC4E11ECB384DD1A4D49986 /* PBXContainerItemProxy */;
		};
/* End PBXTargetDependency section */

/* Begin XCBuildConfiguration section */
		0504B45A1D09475CBEF37A4E /* MinSizeRel */ = {
			isa = XCBuildConfiguration;
			buildSettings = {
				COMBINE_HIDPI_IMAGES = YES;
				EXECUTABLE_PREFIX = lib;
				EXECUTABLE_SUFFIX = .a;
				GCC_GENERATE_DEBUGGING_SYMBOLS = NO;
				GCC_INLINES_ARE_PRIVATE_EXTERN = NO;
				GCC_OPTIMIZATION_LEVEL = s;
				GCC_PREPROCESSOR_DEFINITIONS = ("'CMAKE_INTDIR=\"$(CONFIGURATION)$(EFFECTIVE_PLATFORM_NAME)\"'");
				GCC_SYMBOLS_PRIVATE_EXTERN = NO;
				HEADER_SEARCH_PATHS = (/Users/shensijie/Learning/Game/newbieGameEngine/Framework/Common,/Users/shensijie/Learning/Game/newbieGameEngine/Framework/Interface);
				INSTALL_PATH = "";
				LIBRARY_STYLE = STATIC;
				OTHER_CPLUSPLUSFLAGS = "    -DNDEBUG '-std=gnu++11'  ";
				OTHER_LIBTOOLFLAGS = " ";
				OTHER_REZFLAGS = "";
				PRODUCT_NAME = Common;
				SECTORDER_FLAGS = "";
				SYMROOT = /Users/shensijie/Learning/Game/newbieGameEngine/Platform/Darwin/Project/Framework/Common;
				USE_HEADERMAP = NO;
				WARNING_CFLAGS = ("-Wmost","-Wno-four-char-constants","-Wno-unknown-pragmas","$(inherited)");
			};
			name = MinSizeRel;
		};
		06719D1CF4EC46669194CD4D /* MinSizeRel */ = {
			isa = XCBuildConfiguration;
			buildSettings = {
				COMBINE_HIDPI_IMAGES = YES;
				GCC_GENERATE_DEBUGGING_SYMBOLS = YES;
				GCC_INLINES_ARE_PRIVATE_EXTERN = NO;
				GCC_OPTIMIZATION_LEVEL = 0;
				GCC_PREPROCESSOR_DEFINITIONS = ("'CMAKE_INTDIR=\"$(CONFIGURATION)$(EFFECTIVE_PLATFORM_NAME)\"'");
				GCC_SYMBOLS_PRIVATE_EXTERN = NO;
				INSTALL_PATH = "";
				OTHER_LDFLAGS = " ";
				OTHER_REZFLAGS = "";
				PRODUCT_NAME = ALL_BUILD;
				SECTORDER_FLAGS = "";
				SYMROOT = /Users/shensijie/Learning/Game/newbieGameEngine/Platform/Darwin/Project;
				USE_HEADERMAP = NO;
				WARNING_CFLAGS = ("-Wmost","-Wno-four-char-constants","-Wno-unknown-pragmas","$(inherited)");
			};
			name = MinSizeRel;
		};
		0FC40424FC7E4799A058E59E /* MinSizeRel */ = {
			isa = XCBuildConfiguration;
			buildSettings = {
				COMBINE_HIDPI_IMAGES = YES;
				EXECUTABLE_PREFIX = "";
				EXECUTABLE_SUFFIX = "";
				GCC_GENERATE_DEBUGGING_SYMBOLS = NO;
				GCC_INLINES_ARE_PRIVATE_EXTERN = NO;
				GCC_OPTIMIZATION_LEVEL = s;
				GCC_PREPROCESSOR_DEFINITIONS = ("'CMAKE_INTDIR=\"$(CONFIGURATION)$(EFFECTIVE_PLATFORM_NAME)\"'");
				GCC_SYMBOLS_PRIVATE_EXTERN = NO;
				HEADER_SEARCH_PATHS = (/Users/shensijie/Learning/Game/newbieGameEngine/Framework/Common,/Users/shensijie/Learning/Game/newbieGameEngine/Framework/Interface);
				INSTALL_PATH = "";
				LIBRARY_SEARCH_PATHS = "";
				OTHER_CPLUSPLUSFLAGS = "    -DNDEBUG '-std=gnu++11'  ";
				OTHER_LDFLAGS = " -Wl,-search_paths_first -Wl,-headerpad_max_install_names  /Users/shensijie/Learning/Game/newbieGameEngine/Platform/Darwin/Project/Framework/Common/MinSizeRel/libCommon.a";
				OTHER_REZFLAGS = "";
				PRODUCT_NAME = Empty;
				SECTORDER_FLAGS = "";
				SYMROOT = /Users/shensijie/Learning/Game/newbieGameEngine/Platform/Darwin/Project/Platform/Empty;
				USE_HEADERMAP = NO;
				WARNING_CFLAGS = ("-Wmost","-Wno-four-char-constants","-Wno-unknown-pragmas","$(inherited)");
			};
			name = MinSizeRel;
		};
		13D816615783463083BC6DB7 /* Debug */ = {
			isa = XCBuildConfiguration;
			buildSettings = {
				COMBINE_HIDPI_IMAGES = YES;
				GCC_GENERATE_DEBUGGING_SYMBOLS = YES;
				GCC_INLINES_ARE_PRIVATE_EXTERN = NO;
				GCC_OPTIMIZATION_LEVEL = 0;
				GCC_PREPROCESSOR_DEFINITIONS = ("'CMAKE_INTDIR=\"$(CONFIGURATION)$(EFFECTIVE_PLATFORM_NAME)\"'");
				GCC_SYMBOLS_PRIVATE_EXTERN = NO;
				INSTALL_PATH = "";
				OTHER_LDFLAGS = " ";
				OTHER_REZFLAGS = "";
				PRODUCT_NAME = ZERO_CHECK;
				SECTORDER_FLAGS = "";
				SYMROOT = /Users/shensijie/Learning/Game/newbieGameEngine/Platform/Darwin/Project;
				USE_HEADERMAP = NO;
				WARNING_CFLAGS = ("-Wmost","-Wno-four-char-constants","-Wno-unknown-pragmas","$(inherited)");
			};
			name = Debug;
		};
		1D75729C9F234EA3A45D1C04 /* RelWithDebInfo */ = {
			isa = XCBuildConfiguration;
			buildSettings = {
				COMBINE_HIDPI_IMAGES = YES;
				EXECUTABLE_PREFIX = "";
				EXECUTABLE_SUFFIX = "";
				GCC_GENERATE_DEBUGGING_SYMBOLS = YES;
				GCC_INLINES_ARE_PRIVATE_EXTERN = NO;
				GCC_OPTIMIZATION_LEVEL = 2;
				GCC_PREPROCESSOR_DEFINITIONS = ("'CMAKE_INTDIR=\"$(CONFIGURATION)$(EFFECTIVE_PLATFORM_NAME)\"'");
				GCC_SYMBOLS_PRIVATE_EXTERN = NO;
				HEADER_SEARCH_PATHS = (/Users/shensijie/Learning/Game/newbieGameEngine/Framework/Common,/Users/shensijie/Learning/Game/newbieGameEngine/Framework/Interface);
				INFOPLIST_FILE = /Users/shensijie/Learning/Game/newbieGameEngine/Platform/Darwin/Project/Platform/Darwin/CMakeFiles/NewbieGameEngineCocoa.dir/Info.plist;
				INSTALL_PATH = "";
				LIBRARY_SEARCH_PATHS = "";
				OTHER_CFLAGS = "       -DNDEBUG '-std=gnu11'  ";
				OTHER_CPLUSPLUSFLAGS = "       -DNDEBUG '-std=gnu++11'  ";
				OTHER_LDFLAGS = " -Wl,-search_paths_first -Wl,-headerpad_max_install_names  /Users/shensijie/Learning/Game/newbieGameEngine/Platform/Darwin/Project/Framework/Common/RelWithDebInfo/libCommon.a -framework Cocoa";
				OTHER_REZFLAGS = "";
				PRODUCT_NAME = NewbieGameEngineCocoa;
				SECTORDER_FLAGS = "";
				SYMROOT = /Users/shensijie/Learning/Game/newbieGameEngine/Platform/Darwin/Project/Platform/Darwin;
				USE_HEADERMAP = NO;
				WARNING_CFLAGS = ("-Wmost","-Wno-four-char-constants","-Wno-unknown-pragmas","$(inherited)");
			};
			name = RelWithDebInfo;
		};
		2759D106C3EB495ABFC96DB1 /* Debug */ = {
			isa = XCBuildConfiguration;
			buildSettings = {
				COMBINE_HIDPI_IMAGES = YES;
				EXECUTABLE_PREFIX = "";
				EXECUTABLE_SUFFIX = "";
				GCC_GENERATE_DEBUGGING_SYMBOLS = YES;
				GCC_INLINES_ARE_PRIVATE_EXTERN = NO;
				GCC_OPTIMIZATION_LEVEL = 0;
				GCC_PREPROCESSOR_DEFINITIONS = ("'CMAKE_INTDIR=\"$(CONFIGURATION)$(EFFECTIVE_PLATFORM_NAME)\"'");
				GCC_SYMBOLS_PRIVATE_EXTERN = NO;
				HEADER_SEARCH_PATHS = (/Users/shensijie/Learning/Game/newbieGameEngine/Framework/Common,/Users/shensijie/Learning/Game/newbieGameEngine/Framework/Interface);
				INSTALL_PATH = "";
				LIBRARY_SEARCH_PATHS = "";
				OTHER_CPLUSPLUSFLAGS = "   '-std=gnu++11'  ";
				OTHER_LDFLAGS = " -Wl,-search_paths_first -Wl,-headerpad_max_install_names  /Users/shensijie/Learning/Game/newbieGameEngine/Platform/Darwin/Project/Framework/Common/Debug/libCommon.a";
				OTHER_REZFLAGS = "";
				PRODUCT_NAME = Empty;
				SECTORDER_FLAGS = "";
				SYMROOT = /Users/shensijie/Learning/Game/newbieGameEngine/Platform/Darwin/Project/Platform/Empty;
				USE_HEADERMAP = NO;
				WARNING_CFLAGS = ("-Wmost","-Wno-four-char-constants","-Wno-unknown-pragmas","$(inherited)");
			};
			name = Debug;
		};
		27E64F4C45514F3D968EFBFE /* MinSizeRel */ = {
			isa = XCBuildConfiguration;
			buildSettings = {
				ONLY_ACTIVE_ARCH = YES;
				SDKROOT = /Applications/Xcode.app/Contents/Developer/Platforms/MacOSX.platform/Developer/SDKs/MacOSX10.13.sdk;
				SYMROOT = /Users/shensijie/Learning/Game/newbieGameEngine/Platform/Darwin/Project/build;
			};
			name = MinSizeRel;
		};
		3262C518994142AFA53A2AA3 /* Release */ = {
			isa = XCBuildConfiguration;
			buildSettings = {
				ONLY_ACTIVE_ARCH = YES;
				SDKROOT = /Applications/Xcode.app/Contents/Developer/Platforms/MacOSX.platform/Developer/SDKs/MacOSX10.13.sdk;
				SYMROOT = /Users/shensijie/Learning/Game/newbieGameEngine/Platform/Darwin/Project/build;
			};
			name = Release;
		};
		3C483053ECB04355B5A4AA30 /* Release */ = {
			isa = XCBuildConfiguration;
			buildSettings = {
				COMBINE_HIDPI_IMAGES = YES;
				EXECUTABLE_PREFIX = lib;
				EXECUTABLE_SUFFIX = .a;
				GCC_GENERATE_DEBUGGING_SYMBOLS = NO;
				GCC_INLINES_ARE_PRIVATE_EXTERN = NO;
				GCC_OPTIMIZATION_LEVEL = 3;
				GCC_PREPROCESSOR_DEFINITIONS = ("'CMAKE_INTDIR=\"$(CONFIGURATION)$(EFFECTIVE_PLATFORM_NAME)\"'");
				GCC_SYMBOLS_PRIVATE_EXTERN = NO;
				HEADER_SEARCH_PATHS = (/Users/shensijie/Learning/Game/newbieGameEngine/Framework/Common,/Users/shensijie/Learning/Game/newbieGameEngine/Framework/Interface);
				INSTALL_PATH = "";
				LIBRARY_STYLE = STATIC;
				OTHER_CPLUSPLUSFLAGS = "    -DNDEBUG '-std=gnu++11'  ";
				OTHER_LIBTOOLFLAGS = " ";
				OTHER_REZFLAGS = "";
				PRODUCT_NAME = Common;
				SECTORDER_FLAGS = "";
				SYMROOT = /Users/shensijie/Learning/Game/newbieGameEngine/Platform/Darwin/Project/Framework/Common;
				USE_HEADERMAP = NO;
				WARNING_CFLAGS = ("-Wmost","-Wno-four-char-constants","-Wno-unknown-pragmas","$(inherited)");
			};
			name = Release;
		};
		42BBF61FD8D748A6B1E3BB31 /* Debug */ = {
			isa = XCBuildConfiguration;
			buildSettings = {
				COMBINE_HIDPI_IMAGES = YES;
				EXECUTABLE_PREFIX = "";
				EXECUTABLE_SUFFIX = "";
				GCC_GENERATE_DEBUGGING_SYMBOLS = YES;
				GCC_INLINES_ARE_PRIVATE_EXTERN = NO;
				GCC_OPTIMIZATION_LEVEL = 0;
				GCC_PREPROCESSOR_DEFINITIONS = ("'CMAKE_INTDIR=\"$(CONFIGURATION)$(EFFECTIVE_PLATFORM_NAME)\"'");
				GCC_SYMBOLS_PRIVATE_EXTERN = NO;
				HEADER_SEARCH_PATHS = (/Users/shensijie/Learning/Game/newbieGameEngine/Framework/Common,/Users/shensijie/Learning/Game/newbieGameEngine/Framework/Interface);
				INFOPLIST_FILE = /Users/shensijie/Learning/Game/newbieGameEngine/Platform/Darwin/Project/Platform/Darwin/CMakeFiles/NewbieGameEngineCocoa.dir/Info.plist;
				INSTALL_PATH = "";
				LIBRARY_SEARCH_PATHS = "";
				OTHER_CFLAGS = "   '-std=gnu11'  ";
				OTHER_CPLUSPLUSFLAGS = "   '-std=gnu++11'  ";
				OTHER_LDFLAGS = " -Wl,-search_paths_first -Wl,-headerpad_max_install_names  /Users/shensijie/Learning/Game/newbieGameEngine/Platform/Darwin/Project/Framework/Common/Debug/libCommon.a -framework Cocoa";
				OTHER_REZFLAGS = "";
				PRODUCT_NAME = NewbieGameEngineCocoa;
				SECTORDER_FLAGS = "";
				SYMROOT = /Users/shensijie/Learning/Game/newbieGameEngine/Platform/Darwin/Project/Platform/Darwin;
				USE_HEADERMAP = NO;
				WARNING_CFLAGS = ("-Wmost","-Wno-four-char-constants","-Wno-unknown-pragmas","$(inherited)");
			};
			name = Debug;
		};
		453ACBD4E21E4532861634DC /* MinSizeRel */ = {
			isa = XCBuildConfiguration;
			buildSettings = {
				COMBINE_HIDPI_IMAGES = YES;
				EXECUTABLE_PREFIX = "";
				EXECUTABLE_SUFFIX = "";
				GCC_GENERATE_DEBUGGING_SYMBOLS = NO;
				GCC_INLINES_ARE_PRIVATE_EXTERN = NO;
				GCC_OPTIMIZATION_LEVEL = s;
				GCC_PREPROCESSOR_DEFINITIONS = ("'CMAKE_INTDIR=\"$(CONFIGURATION)$(EFFECTIVE_PLATFORM_NAME)\"'");
				GCC_SYMBOLS_PRIVATE_EXTERN = NO;
				HEADER_SEARCH_PATHS = (/Users/shensijie/Learning/Game/newbieGameEngine/Framework/Common,/Users/shensijie/Learning/Game/newbieGameEngine/Framework/Interface);
				INFOPLIST_FILE = /Users/shensijie/Learning/Game/newbieGameEngine/Platform/Darwin/Project/Platform/Darwin/CMakeFiles/NewbieGameEngineCocoa.dir/Info.plist;
				INSTALL_PATH = "";
				LIBRARY_SEARCH_PATHS = "";
				OTHER_CFLAGS = "    -DNDEBUG '-std=gnu11'  ";
				OTHER_CPLUSPLUSFLAGS = "    -DNDEBUG '-std=gnu++11'  ";
				OTHER_LDFLAGS = " -Wl,-search_paths_first -Wl,-headerpad_max_install_names  /Users/shensijie/Learning/Game/newbieGameEngine/Platform/Darwin/Project/Framework/Common/MinSizeRel/libCommon.a -framework Cocoa";
				OTHER_REZFLAGS = "";
				PRODUCT_NAME = NewbieGameEngineCocoa;
				SECTORDER_FLAGS = "";
				SYMROOT = /Users/shensijie/Learning/Game/newbieGameEngine/Platform/Darwin/Project/Platform/Darwin;
				USE_HEADERMAP = NO;
				WARNING_CFLAGS = ("-Wmost","-Wno-four-char-constants","-Wno-unknown-pragmas","$(inherited)");
			};
			name = MinSizeRel;
		};
		58BB3AFEB4FF42308EA2627C /* RelWithDebInfo */ = {
			isa = XCBuildConfiguration;
			buildSettings = {
				COMBINE_HIDPI_IMAGES = YES;
				EXECUTABLE_PREFIX = lib;
				EXECUTABLE_SUFFIX = .a;
				GCC_GENERATE_DEBUGGING_SYMBOLS = YES;
				GCC_INLINES_ARE_PRIVATE_EXTERN = NO;
				GCC_OPTIMIZATION_LEVEL = 2;
				GCC_PREPROCESSOR_DEFINITIONS = ("'CMAKE_INTDIR=\"$(CONFIGURATION)$(EFFECTIVE_PLATFORM_NAME)\"'");
				GCC_SYMBOLS_PRIVATE_EXTERN = NO;
				HEADER_SEARCH_PATHS = (/Users/shensijie/Learning/Game/newbieGameEngine/Framework/Common,/Users/shensijie/Learning/Game/newbieGameEngine/Framework/Interface);
				INSTALL_PATH = "";
				LIBRARY_STYLE = STATIC;
				OTHER_CPLUSPLUSFLAGS = "       -DNDEBUG '-std=gnu++11'  ";
				OTHER_LIBTOOLFLAGS = " ";
				OTHER_REZFLAGS = "";
				PRODUCT_NAME = Common;
				SECTORDER_FLAGS = "";
				SYMROOT = /Users/shensijie/Learning/Game/newbieGameEngine/Platform/Darwin/Project/Framework/Common;
				USE_HEADERMAP = NO;
				WARNING_CFLAGS = ("-Wmost","-Wno-four-char-constants","-Wno-unknown-pragmas","$(inherited)");
			};
			name = RelWithDebInfo;
		};
		6F211027BBFE421BA7FF35EE /* Debug */ = {
			isa = XCBuildConfiguration;
			buildSettings = {
				COMBINE_HIDPI_IMAGES = YES;
				GCC_GENERATE_DEBUGGING_SYMBOLS = YES;
				GCC_INLINES_ARE_PRIVATE_EXTERN = NO;
				GCC_OPTIMIZATION_LEVEL = 0;
				GCC_PREPROCESSOR_DEFINITIONS = ("'CMAKE_INTDIR=\"$(CONFIGURATION)$(EFFECTIVE_PLATFORM_NAME)\"'");
				GCC_SYMBOLS_PRIVATE_EXTERN = NO;
				INSTALL_PATH = "";
				OTHER_LDFLAGS = " ";
				OTHER_REZFLAGS = "";
				PRODUCT_NAME = ALL_BUILD;
				SECTORDER_FLAGS = "";
				SYMROOT = /Users/shensijie/Learning/Game/newbieGameEngine/Platform/Darwin/Project;
				USE_HEADERMAP = NO;
				WARNING_CFLAGS = ("-Wmost","-Wno-four-char-constants","-Wno-unknown-pragmas","$(inherited)");
			};
			name = Debug;
		};
		753B3D865EF44E4998DDA229 /* RelWithDebInfo */ = {
			isa = XCBuildConfiguration;
			buildSettings = {
				COMBINE_HIDPI_IMAGES = YES;
				GCC_GENERATE_DEBUGGING_SYMBOLS = YES;
				GCC_INLINES_ARE_PRIVATE_EXTERN = NO;
				GCC_OPTIMIZATION_LEVEL = 0;
				GCC_PREPROCESSOR_DEFINITIONS = ("'CMAKE_INTDIR=\"$(CONFIGURATION)$(EFFECTIVE_PLATFORM_NAME)\"'");
				GCC_SYMBOLS_PRIVATE_EXTERN = NO;
				INSTALL_PATH = "";
				OTHER_LDFLAGS = " ";
				OTHER_REZFLAGS = "";
				PRODUCT_NAME = ALL_BUILD;
				SECTORDER_FLAGS = "";
				SYMROOT = /Users/shensijie/Learning/Game/newbieGameEngine/Platform/Darwin/Project;
				USE_HEADERMAP = NO;
				WARNING_CFLAGS = ("-Wmost","-Wno-four-char-constants","-Wno-unknown-pragmas","$(inherited)");
			};
			name = RelWithDebInfo;
		};
		8808CF1BA70041FE8E583C43 /* RelWithDebInfo */ = {
			isa = XCBuildConfiguration;
			buildSettings = {
				COMBINE_HIDPI_IMAGES = YES;
				EXECUTABLE_PREFIX = "";
				EXECUTABLE_SUFFIX = "";
				GCC_GENERATE_DEBUGGING_SYMBOLS = YES;
				GCC_INLINES_ARE_PRIVATE_EXTERN = NO;
				GCC_OPTIMIZATION_LEVEL = 2;
				GCC_PREPROCESSOR_DEFINITIONS = ("'CMAKE_INTDIR=\"$(CONFIGURATION)$(EFFECTIVE_PLATFORM_NAME)\"'");
				GCC_SYMBOLS_PRIVATE_EXTERN = NO;
				HEADER_SEARCH_PATHS = (/Users/shensijie/Learning/Game/newbieGameEngine/Framework/Common,/Users/shensijie/Learning/Game/newbieGameEngine/Framework/Interface);
				INSTALL_PATH = "";
				LIBRARY_SEARCH_PATHS = "";
				OTHER_CPLUSPLUSFLAGS = "       -DNDEBUG '-std=gnu++11'  ";
				OTHER_LDFLAGS = " -Wl,-search_paths_first -Wl,-headerpad_max_install_names  /Users/shensijie/Learning/Game/newbieGameEngine/Platform/Darwin/Project/Framework/Common/RelWithDebInfo/libCommon.a";
				OTHER_REZFLAGS = "";
				PRODUCT_NAME = Empty;
				SECTORDER_FLAGS = "";
				SYMROOT = /Users/shensijie/Learning/Game/newbieGameEngine/Platform/Darwin/Project/Platform/Empty;
				USE_HEADERMAP = NO;
				WARNING_CFLAGS = ("-Wmost","-Wno-four-char-constants","-Wno-unknown-pragmas","$(inherited)");
			};
			name = RelWithDebInfo;
		};
		9EC6C6A36A1A4613AA21187D /* Release */ = {
			isa = XCBuildConfiguration;
			buildSettings = {
				COMBINE_HIDPI_IMAGES = YES;
				GCC_GENERATE_DEBUGGING_SYMBOLS = YES;
				GCC_INLINES_ARE_PRIVATE_EXTERN = NO;
				GCC_OPTIMIZATION_LEVEL = 0;
				GCC_PREPROCESSOR_DEFINITIONS = ("'CMAKE_INTDIR=\"$(CONFIGURATION)$(EFFECTIVE_PLATFORM_NAME)\"'");
				GCC_SYMBOLS_PRIVATE_EXTERN = NO;
				INSTALL_PATH = "";
				OTHER_LDFLAGS = " ";
				OTHER_REZFLAGS = "";
				PRODUCT_NAME = ALL_BUILD;
				SECTORDER_FLAGS = "";
				SYMROOT = /Users/shensijie/Learning/Game/newbieGameEngine/Platform/Darwin/Project;
				USE_HEADERMAP = NO;
				WARNING_CFLAGS = ("-Wmost","-Wno-four-char-constants","-Wno-unknown-pragmas","$(inherited)");
			};
			name = Release;
		};
		9EDDACD4AC7F4C80B49A125D /* Debug */ = {
			isa = XCBuildConfiguration;
			buildSettings = {
				ONLY_ACTIVE_ARCH = YES;
				SDKROOT = /Applications/Xcode.app/Contents/Developer/Platforms/MacOSX.platform/Developer/SDKs/MacOSX10.13.sdk;
				SYMROOT = /Users/shensijie/Learning/Game/newbieGameEngine/Platform/Darwin/Project/build;
			};
			name = Debug;
		};
		B48943DC84B447D5AE0494F4 /* Release */ = {
			isa = XCBuildConfiguration;
			buildSettings = {
				COMBINE_HIDPI_IMAGES = YES;
				EXECUTABLE_PREFIX = "";
				EXECUTABLE_SUFFIX = "";
				GCC_GENERATE_DEBUGGING_SYMBOLS = NO;
				GCC_INLINES_ARE_PRIVATE_EXTERN = NO;
				GCC_OPTIMIZATION_LEVEL = 3;
				GCC_PREPROCESSOR_DEFINITIONS = ("'CMAKE_INTDIR=\"$(CONFIGURATION)$(EFFECTIVE_PLATFORM_NAME)\"'");
				GCC_SYMBOLS_PRIVATE_EXTERN = NO;
				HEADER_SEARCH_PATHS = (/Users/shensijie/Learning/Game/newbieGameEngine/Framework/Common,/Users/shensijie/Learning/Game/newbieGameEngine/Framework/Interface);
				INFOPLIST_FILE = /Users/shensijie/Learning/Game/newbieGameEngine/Platform/Darwin/Project/Platform/Darwin/CMakeFiles/NewbieGameEngineCocoa.dir/Info.plist;
				INSTALL_PATH = "";
				LIBRARY_SEARCH_PATHS = "";
				OTHER_CFLAGS = "    -DNDEBUG '-std=gnu11'  ";
				OTHER_CPLUSPLUSFLAGS = "    -DNDEBUG '-std=gnu++11'  ";
				OTHER_LDFLAGS = " -Wl,-search_paths_first -Wl,-headerpad_max_install_names  /Users/shensijie/Learning/Game/newbieGameEngine/Platform/Darwin/Project/Framework/Common/Release/libCommon.a -framework Cocoa";
				OTHER_REZFLAGS = "";
				PRODUCT_NAME = NewbieGameEngineCocoa;
				SECTORDER_FLAGS = "";
				SYMROOT = /Users/shensijie/Learning/Game/newbieGameEngine/Platform/Darwin/Project/Platform/Darwin;
				USE_HEADERMAP = NO;
				WARNING_CFLAGS = ("-Wmost","-Wno-four-char-constants","-Wno-unknown-pragmas","$(inherited)");
			};
			name = Release;
		};
		BF23C859FA2543FE9DACB6BD /* MinSizeRel */ = {
			isa = XCBuildConfiguration;
			buildSettings = {
				COMBINE_HIDPI_IMAGES = YES;
				GCC_GENERATE_DEBUGGING_SYMBOLS = YES;
				GCC_INLINES_ARE_PRIVATE_EXTERN = NO;
				GCC_OPTIMIZATION_LEVEL = 0;
				GCC_PREPROCESSOR_DEFINITIONS = ("'CMAKE_INTDIR=\"$(CONFIGURATION)$(EFFECTIVE_PLATFORM_NAME)\"'");
				GCC_SYMBOLS_PRIVATE_EXTERN = NO;
				INSTALL_PATH = "";
				OTHER_LDFLAGS = " ";
				OTHER_REZFLAGS = "";
				PRODUCT_NAME = ZERO_CHECK;
				SECTORDER_FLAGS = "";
				SYMROOT = /Users/shensijie/Learning/Game/newbieGameEngine/Platform/Darwin/Project;
				USE_HEADERMAP = NO;
				WARNING_CFLAGS = ("-Wmost","-Wno-four-char-constants","-Wno-unknown-pragmas","$(inherited)");
			};
			name = MinSizeRel;
		};
		C73CDCE14B7D4EE6818A5C96 /* RelWithDebInfo */ = {
			isa = XCBuildConfiguration;
			buildSettings = {
				COMBINE_HIDPI_IMAGES = YES;
				GCC_GENERATE_DEBUGGING_SYMBOLS = YES;
				GCC_INLINES_ARE_PRIVATE_EXTERN = NO;
				GCC_OPTIMIZATION_LEVEL = 0;
				GCC_PREPROCESSOR_DEFINITIONS = ("'CMAKE_INTDIR=\"$(CONFIGURATION)$(EFFECTIVE_PLATFORM_NAME)\"'");
				GCC_SYMBOLS_PRIVATE_EXTERN = NO;
				INSTALL_PATH = "";
				OTHER_LDFLAGS = " ";
				OTHER_REZFLAGS = "";
				PRODUCT_NAME = ZERO_CHECK;
				SECTORDER_FLAGS = "";
				SYMROOT = /Users/shensijie/Learning/Game/newbieGameEngine/Platform/Darwin/Project;
				USE_HEADERMAP = NO;
				WARNING_CFLAGS = ("-Wmost","-Wno-four-char-constants","-Wno-unknown-pragmas","$(inherited)");
			};
			name = RelWithDebInfo;
		};
		C7CD3D05928649A1AF0C6386 /* Release */ = {
			isa = XCBuildConfiguration;
			buildSettings = {
				COMBINE_HIDPI_IMAGES = YES;
				GCC_GENERATE_DEBUGGING_SYMBOLS = YES;
				GCC_INLINES_ARE_PRIVATE_EXTERN = NO;
				GCC_OPTIMIZATION_LEVEL = 0;
				GCC_PREPROCESSOR_DEFINITIONS = ("'CMAKE_INTDIR=\"$(CONFIGURATION)$(EFFECTIVE_PLATFORM_NAME)\"'");
				GCC_SYMBOLS_PRIVATE_EXTERN = NO;
				INSTALL_PATH = "";
				OTHER_LDFLAGS = " ";
				OTHER_REZFLAGS = "";
				PRODUCT_NAME = ZERO_CHECK;
				SECTORDER_FLAGS = "";
				SYMROOT = /Users/shensijie/Learning/Game/newbieGameEngine/Platform/Darwin/Project;
				USE_HEADERMAP = NO;
				WARNING_CFLAGS = ("-Wmost","-Wno-four-char-constants","-Wno-unknown-pragmas","$(inherited)");
			};
			name = Release;
		};
		D3EA4F5562AA4109A4F882DE /* Debug */ = {
			isa = XCBuildConfiguration;
			buildSettings = {
				COMBINE_HIDPI_IMAGES = YES;
				EXECUTABLE_PREFIX = lib;
				EXECUTABLE_SUFFIX = .a;
				GCC_GENERATE_DEBUGGING_SYMBOLS = YES;
				GCC_INLINES_ARE_PRIVATE_EXTERN = NO;
				GCC_OPTIMIZATION_LEVEL = 0;
				GCC_PREPROCESSOR_DEFINITIONS = ("'CMAKE_INTDIR=\"$(CONFIGURATION)$(EFFECTIVE_PLATFORM_NAME)\"'");
				GCC_SYMBOLS_PRIVATE_EXTERN = NO;
				HEADER_SEARCH_PATHS = (/Users/shensijie/Learning/Game/newbieGameEngine/Framework/Common,/Users/shensijie/Learning/Game/newbieGameEngine/Framework/Interface);
				INSTALL_PATH = "";
				LIBRARY_STYLE = STATIC;
				OTHER_CPLUSPLUSFLAGS = "   '-std=gnu++11'  ";
				OTHER_LIBTOOLFLAGS = " ";
				OTHER_REZFLAGS = "";
				PRODUCT_NAME = Common;
				SECTORDER_FLAGS = "";
				SYMROOT = /Users/shensijie/Learning/Game/newbieGameEngine/Platform/Darwin/Project/Framework/Common;
				USE_HEADERMAP = NO;
				WARNING_CFLAGS = ("-Wmost","-Wno-four-char-constants","-Wno-unknown-pragmas","$(inherited)");
			};
			name = Debug;
		};
		D56E15AC0205416BA5DAC227 /* RelWithDebInfo */ = {
			isa = XCBuildConfiguration;
			buildSettings = {
				ONLY_ACTIVE_ARCH = YES;
				SDKROOT = /Applications/Xcode.app/Contents/Developer/Platforms/MacOSX.platform/Developer/SDKs/MacOSX10.13.sdk;
				SYMROOT = /Users/shensijie/Learning/Game/newbieGameEngine/Platform/Darwin/Project/build;
			};
			name = RelWithDebInfo;
		};
		E7A366CBDE8B41C6B4DE4B10 /* Release */ = {
			isa = XCBuildConfiguration;
			buildSettings = {
				COMBINE_HIDPI_IMAGES = YES;
				EXECUTABLE_PREFIX = "";
				EXECUTABLE_SUFFIX = "";
				GCC_GENERATE_DEBUGGING_SYMBOLS = NO;
				GCC_INLINES_ARE_PRIVATE_EXTERN = NO;
				GCC_OPTIMIZATION_LEVEL = 3;
				GCC_PREPROCESSOR_DEFINITIONS = ("'CMAKE_INTDIR=\"$(CONFIGURATION)$(EFFECTIVE_PLATFORM_NAME)\"'");
				GCC_SYMBOLS_PRIVATE_EXTERN = NO;
				HEADER_SEARCH_PATHS = (/Users/shensijie/Learning/Game/newbieGameEngine/Framework/Common,/Users/shensijie/Learning/Game/newbieGameEngine/Framework/Interface);
				INSTALL_PATH = "";
				LIBRARY_SEARCH_PATHS = "";
				OTHER_CPLUSPLUSFLAGS = "    -DNDEBUG '-std=gnu++11'  ";
				OTHER_LDFLAGS = " -Wl,-search_paths_first -Wl,-headerpad_max_install_names  /Users/shensijie/Learning/Game/newbieGameEngine/Platform/Darwin/Project/Framework/Common/Release/libCommon.a";
				OTHER_REZFLAGS = "";
				PRODUCT_NAME = Empty;
				SECTORDER_FLAGS = "";
				SYMROOT = /Users/shensijie/Learning/Game/newbieGameEngine/Platform/Darwin/Project/Platform/Empty;
				USE_HEADERMAP = NO;
				WARNING_CFLAGS = ("-Wmost","-Wno-four-char-constants","-Wno-unknown-pragmas","$(inherited)");
			};
			name = Release;
		};
/* End XCBuildConfiguration section */

/* Begin XCConfigurationList section */
		14BA56642FF94534828336FD /* Build configuration list for PBXNativeTarget "NewbieGameEngineCocoa" */ = {
			isa = XCConfigurationList;
			buildConfigurations = (
				42BBF61FD8D748A6B1E3BB31 /* Debug */,
				B48943DC84B447D5AE0494F4 /* Release */,
				453ACBD4E21E4532861634DC /* MinSizeRel */,
				1D75729C9F234EA3A45D1C04 /* RelWithDebInfo */,
			);
			defaultConfigurationIsVisible = 0;
			defaultConfigurationName = Debug;
		};
		4A125BA1B2D84471B3F1E855 /* Build configuration list for PBXAggregateTarget "ZERO_CHECK" */ = {
			isa = XCConfigurationList;
			buildConfigurations = (
				13D816615783463083BC6DB7 /* Debug */,
				C7CD3D05928649A1AF0C6386 /* Release */,
				BF23C859FA2543FE9DACB6BD /* MinSizeRel */,
				C73CDCE14B7D4EE6818A5C96 /* RelWithDebInfo */,
			);
			defaultConfigurationIsVisible = 0;
			defaultConfigurationName = Debug;
		};
		83558344FD794D0C93AB3161 /* Build configuration list for PBXNativeTarget "Common" */ = {
			isa = XCConfigurationList;
			buildConfigurations = (
				D3EA4F5562AA4109A4F882DE /* Debug */,
				3C483053ECB04355B5A4AA30 /* Release */,
				0504B45A1D09475CBEF37A4E /* MinSizeRel */,
				58BB3AFEB4FF42308EA2627C /* RelWithDebInfo */,
			);
			defaultConfigurationIsVisible = 0;
			defaultConfigurationName = Debug;
		};
		9E422D1C6F2B438FA3B624D1 /* Build configuration list for PBXNativeTarget "Empty" */ = {
			isa = XCConfigurationList;
			buildConfigurations = (
				2759D106C3EB495ABFC96DB1 /* Debug */,
				E7A366CBDE8B41C6B4DE4B10 /* Release */,
				0FC40424FC7E4799A058E59E /* MinSizeRel */,
				8808CF1BA70041FE8E583C43 /* RelWithDebInfo */,
			);
			defaultConfigurationIsVisible = 0;
			defaultConfigurationName = Debug;
		};
		9EEE6F4EF6C24F02B9CED35E /* Build configuration list for PBXProject "newbieGameEngine" */ = {
			isa = XCConfigurationList;
			buildConfigurations = (
				9EDDACD4AC7F4C80B49A125D /* Debug */,
				3262C518994142AFA53A2AA3 /* Release */,
				27E64F4C45514F3D968EFBFE /* MinSizeRel */,
				D56E15AC0205416BA5DAC227 /* RelWithDebInfo */,
			);
			defaultConfigurationIsVisible = 0;
			defaultConfigurationName = Debug;
		};
		B44446D12356435A9BE8FFF4 /* Build configuration list for PBXAggregateTarget "ALL_BUILD" */ = {
			isa = XCConfigurationList;
			buildConfigurations = (
				6F211027BBFE421BA7FF35EE /* Debug */,
				9EC6C6A36A1A4613AA21187D /* Release */,
				06719D1CF4EC46669194CD4D /* MinSizeRel */,
				753B3D865EF44E4998DDA229 /* RelWithDebInfo */,
			);
			defaultConfigurationIsVisible = 0;
			defaultConfigurationName = Debug;
		};
/* End XCConfigurationList section */
	};
	rootObject = 76A8D9E8C78D4DA280724F10 /* Project object */;
}
